PODS:
  - "!ProtoCompiler (3.7.0)":
    - Protobuf (~> 3.0)
  - Flutter (1.0.0)
  - flutter_blue (0.0.1):
    - "!ProtoCompiler"
    - Flutter
    - flutter_blue/Protos (= 0.0.1)
  - flutter_blue/Protos (0.0.1):
    - "!ProtoCompiler"
    - Flutter
    - Protobuf
  - Protobuf (3.7.0)

DEPENDENCIES:
  - Flutter (from `.symlinks/flutter/ios`)
  - flutter_blue (from `.symlinks/plugins/flutter_blue/ios`)

SPEC REPOS:
  https://github.com/cocoapods/specs.git:
    - "!ProtoCompiler"
    - Protobuf

EXTERNAL SOURCES:
  Flutter:
    :path: ".symlinks/flutter/ios"
  flutter_blue:
    :path: ".symlinks/plugins/flutter_blue/ios"

SPEC CHECKSUMS:
  "!ProtoCompiler": efc8ba4dceb16b48f6b366a08500871c8d3ff8d2
  Flutter: 58dd7d1b27887414a370fcccb9e645c08ffd7a6a
  flutter_blue: 95075f25e841b89e475e45bf98d1edbbfd6ff88c
  Protobuf: 7a877b7f3e5964e3fce995e2eb323dbc6831bb5a

PODFILE CHECKSUM: aff02bfeed411c636180d6812254b2daeea14d09

COCOAPODS: 1.6.1
